// !$*UTF8*$!
{
	archiveVersion = 1;
	classes = {
	};
	objectVersion = 56;
	objects = {

/* Begin PBXBuildFile section */
		73FF0CA92A8AA6B4008130BB /* betgodApp.swift in Sources */ = {isa = PBXBuildFile; fileRef = 73FF0CA82A8AA6B4008130BB /* betgodApp.swift */; };
		73FF0CAB2A8AA6B4008130BB /* ContentView.swift in Sources */ = {isa = PBXBuildFile; fileRef = 73FF0CAA2A8AA6B4008130BB /* ContentView.swift */; };
		73FF0CAD2A8AA6B6008130BB /* Assets.xcassets in Resources */ = {isa = PBXBuildFile; fileRef = 73FF0CAC2A8AA6B6008130BB /* Assets.xcassets */; };
		73FF0CB02A8AA6B6008130BB /* Preview Assets.xcassets in Resources */ = {isa = PBXBuildFile; fileRef = 73FF0CAF2A8AA6B6008130BB /* Preview Assets.xcassets */; };
		73FF0CBA2A8AA6B6008130BB /* betgodTests.swift in Sources */ = {isa = PBXBuildFile; fileRef = 73FF0CB92A8AA6B6008130BB /* betgodTests.swift */; };
		73FF0CC42A8AA6B6008130BB /* betgodUITests.swift in Sources */ = {isa = PBXBuildFile; fileRef = 73FF0CC32A8AA6B6008130BB /* betgodUITests.swift */; };
		73FF0CC62A8AA6B6008130BB /* betgodUITestsLaunchTests.swift in Sources */ = {isa = PBXBuildFile; fileRef = 73FF0CC52A8AA6B6008130BB /* betgodUITestsLaunchTests.swift */; };
/* End PBXBuildFile section */

/* Begin PBXContainerItemProxy section */
		73FF0CB62A8AA6B6008130BB /* PBXContainerItemProxy */ = {
			isa = PBXContainerItemProxy;
			containerPortal = 73FF0C9D2A8AA6B4008130BB /* Project object */;
			proxyType = 1;
			remoteGlobalIDString = 73FF0CA42A8AA6B4008130BB;
			remoteInfo = betgod;
		};
		73FF0CC02A8AA6B6008130BB /* PBXContainerItemProxy */ = {
			isa = PBXContainerItemProxy;
			containerPortal = 73FF0C9D2A8AA6B4008130BB /* Project object */;
			proxyType = 1;
			remoteGlobalIDString = 73FF0CA42A8AA6B4008130BB;
			remoteInfo = betgod;
		};
/* End PBXContainerItemProxy section */

/* Begin PBXFileReference section */
		73FF0CA52A8AA6B4008130BB /* betgod.app */ = {isa = PBXFileReference; explicitFileType = wrapper.application; includeInIndex = 0; path = betgod.app; sourceTree = BUILT_PRODUCTS_DIR; };
		73FF0CA82A8AA6B4008130BB /* betgodApp.swift */ = {isa = PBXFileReference; lastKnownFileType = sourcecode.swift; path = betgodApp.swift; sourceTree = "<group>"; };
		73FF0CAA2A8AA6B4008130BB /* ContentView.swift */ = {isa = PBXFileReference; lastKnownFileType = sourcecode.swift; path = ContentView.swift; sourceTree = "<group>"; };
		73FF0CAC2A8AA6B6008130BB /* Assets.xcassets */ = {isa = PBXFileReference; lastKnownFileType = folder.assetcatalog; path = Assets.xcassets; sourceTree = "<group>"; };
		73FF0CAF2A8AA6B6008130BB /* Preview Assets.xcassets */ = {isa = PBXFileReference; lastKnownFileType = folder.assetcatalog; path = "Preview Assets.xcassets"; sourceTree = "<group>"; };
		73FF0CB52A8AA6B6008130BB /* betgodTests.xctest */ = {isa = PBXFileReference; explicitFileType = wrapper.cfbundle; includeInIndex = 0; path = betgodTests.xctest; sourceTree = BUILT_PRODUCTS_DIR; };
		73FF0CB92A8AA6B6008130BB /* betgodTests.swift */ = {isa = PBXFileReference; lastKnownFileType = sourcecode.swift; path = betgodTests.swift; sourceTree = "<group>"; };
		73FF0CBF2A8AA6B6008130BB /* betgodUITests.xctest */ = {isa = PBXFileReference; explicitFileType = wrapper.cfbundle; includeInIndex = 0; path = betgodUITests.xctest; sourceTree = BUILT_PRODUCTS_DIR; };
		73FF0CC32A8AA6B6008130BB /* betgodUITests.swift */ = {isa = PBXFileReference; lastKnownFileType = sourcecode.swift; path = betgodUITests.swift; sourceTree = "<group>"; };
		73FF0CC52A8AA6B6008130BB /* betgodUITestsLaunchTests.swift */ = {isa = PBXFileReference; lastKnownFileType = sourcecode.swift; path = betgodUITestsLaunchTests.swift; sourceTree = "<group>"; };
/* End PBXFileReference section */

/* Begin PBXFrameworksBuildPhase section */
		73FF0CA22A8AA6B4008130BB /* Frameworks */ = {
			isa = PBXFrameworksBuildPhase;
			buildActionMask = 2147483647;
			files = (
			);
			runOnlyForDeploymentPostprocessing = 0;
		};
		73FF0CB22A8AA6B6008130BB /* Frameworks */ = {
			isa = PBXFrameworksBuildPhase;
			buildActionMask = 2147483647;
			files = (
			);
			runOnlyForDeploymentPostprocessing = 0;
		};
		73FF0CBC2A8AA6B6008130BB /* Frameworks */ = {
			isa = PBXFrameworksBuildPhase;
			buildActionMask = 2147483647;
			files = (
			);
			runOnlyForDeploymentPostprocessing = 0;
		};
/* End PBXFrameworksBuildPhase section */

/* Begin PBXGroup section */
		73FF0C9C2A8AA6B4008130BB = {
			isa = PBXGroup;
			children = (
				73FF0CA72A8AA6B4008130BB /* betgod */,
				73FF0CB82A8AA6B6008130BB /* betgodTests */,
				73FF0CC22A8AA6B6008130BB /* betgodUITests */,
				73FF0CA62A8AA6B4008130BB /* Products */,
			);
			sourceTree = "<group>";
		};
		73FF0CA62A8AA6B4008130BB /* Products */ = {
			isa = PBXGroup;
			children = (
				73FF0CA52A8AA6B4008130BB /* betgod.app */,
				73FF0CB52A8AA6B6008130BB /* betgodTests.xctest */,
				73FF0CBF2A8AA6B6008130BB /* betgodUITests.xctest */,
			);
			name = Products;
			sourceTree = "<group>";
		};
		73FF0CA72A8AA6B4008130BB /* betgod */ = {
			isa = PBXGroup;
			children = (
				73FF0CA82A8AA6B4008130BB /* betgodApp.swift */,
				73FF0CAA2A8AA6B4008130BB /* ContentView.swift */,
				73FF0CAC2A8AA6B6008130BB /* Assets.xcassets */,
				73FF0CAE2A8AA6B6008130BB /* Preview Content */,
			);
			path = betgod;
			sourceTree = "<group>";
		};
		73FF0CAE2A8AA6B6008130BB /* Preview Content */ = {
			isa = PBXGroup;
			children = (
				73FF0CAF2A8AA6B6008130BB /* Preview Assets.xcassets */,
			);
			path = "Preview Content";
			sourceTree = "<group>";
		};
		73FF0CB82A8AA6B6008130BB /* betgodTests */ = {
			isa = PBXGroup;
			children = (
				73FF0CB92A8AA6B6008130BB /* betgodTests.swift */,
			);
			path = betgodTests;
			sourceTree = "<group>";
		};
		73FF0CC22A8AA6B6008130BB /* betgodUITests */ = {
			isa = PBXGroup;
			children = (
				73FF0CC32A8AA6B6008130BB /* betgodUITests.swift */,
				73FF0CC52A8AA6B6008130BB /* betgodUITestsLaunchTests.swift */,
			);
			path = betgodUITests;
			sourceTree = "<group>";
		};
/* End PBXGroup section */

/* Begin PBXNativeTarget section */
		73FF0CA42A8AA6B4008130BB /* betgod */ = {
			isa = PBXNativeTarget;
			buildConfigurationList = 73FF0CC92A8AA6B6008130BB /* Build configuration list for PBXNativeTarget "betgod" */;
			buildPhases = (
				73FF0CA12A8AA6B4008130BB /* Sources */,
				73FF0CA22A8AA6B4008130BB /* Frameworks */,
				73FF0CA32A8AA6B4008130BB /* Resources */,
			);
			buildRules = (
			);
			dependencies = (
			);
			name = betgod;
			productName = betgod;
			productReference = 73FF0CA52A8AA6B4008130BB /* betgod.app */;
			productType = "com.apple.product-type.application";
		};
		73FF0CB42A8AA6B6008130BB /* betgodTests */ = {
			isa = PBXNativeTarget;
			buildConfigurationList = 73FF0CCC2A8AA6B6008130BB /* Build configuration list for PBXNativeTarget "betgodTests" */;
			buildPhases = (
				73FF0CB12A8AA6B6008130BB /* Sources */,
				73FF0CB22A8AA6B6008130BB /* Frameworks */,
				73FF0CB32A8AA6B6008130BB /* Resources */,
			);
			buildRules = (
			);
			dependencies = (
				73FF0CB72A8AA6B6008130BB /* PBXTargetDependency */,
			);
			name = betgodTests;
			productName = betgodTests;
			productReference = 73FF0CB52A8AA6B6008130BB /* betgodTests.xctest */;
			productType = "com.apple.product-type.bundle.unit-test";
		};
		73FF0CBE2A8AA6B6008130BB /* betgodUITests */ = {
			isa = PBXNativeTarget;
			buildConfigurationList = 73FF0CCF2A8AA6B6008130BB /* Build configuration list for PBXNativeTarget "betgodUITests" */;
			buildPhases = (
				73FF0CBB2A8AA6B6008130BB /* Sources */,
				73FF0CBC2A8AA6B6008130BB /* Frameworks */,
				73FF0CBD2A8AA6B6008130BB /* Resources */,
			);
			buildRules = (
			);
			dependencies = (
				73FF0CC12A8AA6B6008130BB /* PBXTargetDependency */,
			);
			name = betgodUITests;
			productName = betgodUITests;
			productReference = 73FF0CBF2A8AA6B6008130BB /* betgodUITests.xctest */;
			productType = "com.apple.product-type.bundle.ui-testing";
		};
/* End PBXNativeTarget section */

/* Begin PBXProject section */
		73FF0C9D2A8AA6B4008130BB /* Project object */ = {
			isa = PBXProject;
			attributes = {
				BuildIndependentTargetsInParallel = 1;
				LastSwiftUpdateCheck = 1430;
				LastUpgradeCheck = 1430;
				TargetAttributes = {
					73FF0CA42A8AA6B4008130BB = {
						CreatedOnToolsVersion = 14.3.1;
					};
					73FF0CB42A8AA6B6008130BB = {
						CreatedOnToolsVersion = 14.3.1;
						TestTargetID = 73FF0CA42A8AA6B4008130BB;
					};
					73FF0CBE2A8AA6B6008130BB = {
						CreatedOnToolsVersion = 14.3.1;
						TestTargetID = 73FF0CA42A8AA6B4008130BB;
					};
				};
			};
			buildConfigurationList = 73FF0CA02A8AA6B4008130BB /* Build configuration list for PBXProject "betgod" */;
			compatibilityVersion = "Xcode 14.0";
			developmentRegion = en;
			hasScannedForEncodings = 0;
			knownRegions = (
				en,
				Base,
			);
			mainGroup = 73FF0C9C2A8AA6B4008130BB;
			productRefGroup = 73FF0CA62A8AA6B4008130BB /* Products */;
			projectDirPath = "";
			projectRoot = "";
			targets = (
				73FF0CA42A8AA6B4008130BB /* betgod */,
				73FF0CB42A8AA6B6008130BB /* betgodTests */,
				73FF0CBE2A8AA6B6008130BB /* betgodUITests */,
			);
		};
/* End PBXProject section */

/* Begin PBXResourcesBuildPhase section */
		73FF0CA32A8AA6B4008130BB /* Resources */ = {
			isa = PBXResourcesBuildPhase;
			buildActionMask = 2147483647;
			files = (
				73FF0CB02A8AA6B6008130BB /* Preview Assets.xcassets in Resources */,
				73FF0CAD2A8AA6B6008130BB /* Assets.xcassets in Resources */,
			);
			runOnlyForDeploymentPostprocessing = 0;
		};
		73FF0CB32A8AA6B6008130BB /* Resources */ = {
			isa = PBXResourcesBuildPhase;
			buildActionMask = 2147483647;
			files = (
			);
			runOnlyForDeploymentPostprocessing = 0;
		};
		73FF0CBD2A8AA6B6008130BB /* Resources */ = {
			isa = PBXResourcesBuildPhase;
			buildActionMask = 2147483647;
			files = (
			);
			runOnlyForDeploymentPostprocessing = 0;
		};
/* End PBXResourcesBuildPhase section */

/* Begin PBXSourcesBuildPhase section */
		73FF0CA12A8AA6B4008130BB /* Sources */ = {
			isa = PBXSourcesBuildPhase;
			buildActionMask = 2147483647;
			files = (
				73FF0CAB2A8AA6B4008130BB /* ContentView.swift in Sources */,
				73FF0CA92A8AA6B4008130BB /* betgodApp.swift in Sources */,
			);
			runOnlyForDeploymentPostprocessing = 0;
		};
		73FF0CB12A8AA6B6008130BB /* Sources */ = {
			isa = PBXSourcesBuildPhase;
			buildActionMask = 2147483647;
			files = (
				73FF0CBA2A8AA6B6008130BB /* betgodTests.swift in Sources */,
			);
			runOnlyForDeploymentPostprocessing = 0;
		};
		73FF0CBB2A8AA6B6008130BB /* Sources */ = {
			isa = PBXSourcesBuildPhase;
			buildActionMask = 2147483647;
			files = (
				73FF0CC42A8AA6B6008130BB /* betgodUITests.swift in Sources */,
				73FF0CC62A8AA6B6008130BB /* betgodUITestsLaunchTests.swift in Sources */,
			);
			runOnlyForDeploymentPostprocessing = 0;
		};
/* End PBXSourcesBuildPhase section */

/* Begin PBXTargetDependency section */
		73FF0CB72A8AA6B6008130BB /* PBXTargetDependency */ = {
			isa = PBXTargetDependency;
			target = 73FF0CA42A8AA6B4008130BB /* betgod */;
			targetProxy = 73FF0CB62A8AA6B6008130BB /* PBXContainerItemProxy */;
		};
		73FF0CC12A8AA6B6008130BB /* PBXTargetDependency */ = {
			isa = PBXTargetDependency;
			target = 73FF0CA42A8AA6B4008130BB /* betgod */;
			targetProxy = 73FF0CC02A8AA6B6008130BB /* PBXContainerItemProxy */;
		};
/* End PBXTargetDependency section */

/* Begin XCBuildConfiguration section */
		73FF0CC72A8AA6B6008130BB /* Debug */ = {
			isa = XCBuildConfiguration;
			buildSettings = {
				ALWAYS_SEARCH_USER_PATHS = NO;
				CLANG_ANALYZER_NONNULL = YES;
				CLANG_ANALYZER_NUMBER_OBJECT_CONVERSION = YES_AGGRESSIVE;
				CLANG_CXX_LANGUAGE_STANDARD = "gnu++20";
				CLANG_ENABLE_MODULES = YES;
				CLANG_ENABLE_OBJC_ARC = YES;
				CLANG_ENABLE_OBJC_WEAK = YES;
				CLANG_WARN_BLOCK_CAPTURE_AUTORELEASING = YES;
				CLANG_WARN_BOOL_CONVERSION = YES;
				CLANG_WARN_COMMA = YES;
				CLANG_WARN_CONSTANT_CONVERSION = YES;
				CLANG_WARN_DEPRECATED_OBJC_IMPLEMENTATIONS = YES;
				CLANG_WARN_DIRECT_OBJC_ISA_USAGE = YES_ERROR;
				CLANG_WARN_DOCUMENTATION_COMMENTS = YES;
				CLANG_WARN_EMPTY_BODY = YES;
				CLANG_WARN_ENUM_CONVERSION = YES;
				CLANG_WARN_INFINITE_RECURSION = YES;
				CLANG_WARN_INT_CONVERSION = YES;
				CLANG_WARN_NON_LITERAL_NULL_CONVERSION = YES;
				CLANG_WARN_OBJC_IMPLICIT_RETAIN_SELF = YES;
				CLANG_WARN_OBJC_LITERAL_CONVERSION = YES;
				CLANG_WARN_OBJC_ROOT_CLASS = YES_ERROR;
				CLANG_WARN_QUOTED_INCLUDE_IN_FRAMEWORK_HEADER = YES;
				CLANG_WARN_RANGE_LOOP_ANALYSIS = YES;
				CLANG_WARN_STRICT_PROTOTYPES = YES;
				CLANG_WARN_SUSPICIOUS_MOVE = YES;
				CLANG_WARN_UNGUARDED_AVAILABILITY = YES_AGGRESSIVE;
				CLANG_WARN_UNREACHABLE_CODE = YES;
				CLANG_WARN__DUPLICATE_METHOD_MATCH = YES;
				COPY_PHASE_STRIP = NO;
				DEBUG_INFORMATION_FORMAT = dwarf;
				ENABLE_STRICT_OBJC_MSGSEND = YES;
				ENABLE_TESTABILITY = YES;
				GCC_C_LANGUAGE_STANDARD = gnu11;
				GCC_DYNAMIC_NO_PIC = NO;
				GCC_NO_COMMON_BLOCKS = YES;
				GCC_OPTIMIZATION_LEVEL = 0;
				GCC_PREPROCESSOR_DEFINITIONS = (
					"DEBUG=1",
					"$(inherited)",
				);
				GCC_WARN_64_TO_32_BIT_CONVERSION = YES;
				GCC_WARN_ABOUT_RETURN_TYPE = YES_ERROR;
				GCC_WARN_UNDECLARED_SELECTOR = YES;
				GCC_WARN_UNINITIALIZED_AUTOS = YES_AGGRESSIVE;
				GCC_WARN_UNUSED_FUNCTION = YES;
				GCC_WARN_UNUSED_VARIABLE = YES;
				IPHONEOS_DEPLOYMENT_TARGET = 16.4;
				MTL_ENABLE_DEBUG_INFO = INCLUDE_SOURCE;
				MTL_FAST_MATH = YES;
				ONLY_ACTIVE_ARCH = YES;
				SDKROOT = iphoneos;
				SWIFT_ACTIVE_COMPILATION_CONDITIONS = DEBUG;
				SWIFT_OPTIMIZATION_LEVEL = "-Onone";
			};
			name = Debug;
		};
		73FF0CC82A8AA6B6008130BB /* Release */ = {
			isa = XCBuildConfiguration;
			buildSettings = {
				ALWAYS_SEARCH_USER_PATHS = NO;
				CLANG_ANALYZER_NONNULL = YES;
				CLANG_ANALYZER_NUMBER_OBJECT_CONVERSION = YES_AGGRESSIVE;
				CLANG_CXX_LANGUAGE_STANDARD = "gnu++20";
				CLANG_ENABLE_MODULES = YES;
				CLANG_ENABLE_OBJC_ARC = YES;
				CLANG_ENABLE_OBJC_WEAK = YES;
				CLANG_WARN_BLOCK_CAPTURE_AUTORELEASING = YES;
				CLANG_WARN_BOOL_CONVERSION = YES;
				CLANG_WARN_COMMA = YES;
				CLANG_WARN_CONSTANT_CONVERSION = YES;
				CLANG_WARN_DEPRECATED_OBJC_IMPLEMENTATIONS = YES;
				CLANG_WARN_DIRECT_OBJC_ISA_USAGE = YES_ERROR;
				CLANG_WARN_DOCUMENTATION_COMMENTS = YES;
				CLANG_WARN_EMPTY_BODY = YES;
				CLANG_WARN_ENUM_CONVERSION = YES;
				CLANG_WARN_INFINITE_RECURSION = YES;
				CLANG_WARN_INT_CONVERSION = YES;
				CLANG_WARN_NON_LITERAL_NULL_CONVERSION = YES;
				CLANG_WARN_OBJC_IMPLICIT_RETAIN_SELF = YES;
				CLANG_WARN_OBJC_LITERAL_CONVERSION = YES;
				CLANG_WARN_OBJC_ROOT_CLASS = YES_ERROR;
				CLANG_WARN_QUOTED_INCLUDE_IN_FRAMEWORK_HEADER = YES;
				CLANG_WARN_RANGE_LOOP_ANALYSIS = YES;
				CLANG_WARN_STRICT_PROTOTYPES = YES;
				CLANG_WARN_SUSPICIOUS_MOVE = YES;
				CLANG_WARN_UNGUARDED_AVAILABILITY = YES_AGGRESSIVE;
				CLANG_WARN_UNREACHABLE_CODE = YES;
				CLANG_WARN__DUPLICATE_METHOD_MATCH = YES;
				COPY_PHASE_STRIP = NO;
				DEBUG_INFORMATION_FORMAT = "dwarf-with-dsym";
				ENABLE_NS_ASSERTIONS = NO;
				ENABLE_STRICT_OBJC_MSGSEND = YES;
				GCC_C_LANGUAGE_STANDARD = gnu11;
				GCC_NO_COMMON_BLOCKS = YES;
				GCC_WARN_64_TO_32_BIT_CONVERSION = YES;
				GCC_WARN_ABOUT_RETURN_TYPE = YES_ERROR;
				GCC_WARN_UNDECLARED_SELECTOR = YES;
				GCC_WARN_UNINITIALIZED_AUTOS = YES_AGGRESSIVE;
				GCC_WARN_UNUSED_FUNCTION = YES;
				GCC_WARN_UNUSED_VARIABLE = YES;
				IPHONEOS_DEPLOYMENT_TARGET = 16.4;
				MTL_ENABLE_DEBUG_INFO = NO;
				MTL_FAST_MATH = YES;
				SDKROOT = iphoneos;
				SWIFT_COMPILATION_MODE = wholemodule;
				SWIFT_OPTIMIZATION_LEVEL = "-O";
				VALIDATE_PRODUCT = YES;
			};
			name = Release;
		};
		73FF0CCA2A8AA6B6008130BB /* Debug */ = {
			isa = XCBuildConfiguration;
			buildSettings = {
				ASSETCATALOG_COMPILER_APPICON_NAME = AppIcon;
				ASSETCATALOG_COMPILER_GLOBAL_ACCENT_COLOR_NAME = AccentColor;
				CODE_SIGN_STYLE = Automatic;
				CURRENT_PROJECT_VERSION = 1;
				DEVELOPMENT_ASSET_PATHS = "\"betgod/Preview Content\"";
				DEVELOPMENT_TEAM = FF3P39SC4U;
				ENABLE_PREVIEWS = YES;
				GENERATE_INFOPLIST_FILE = YES;
				INFOPLIST_KEY_UIApplicationSceneManifest_Generation = YES;
				INFOPLIST_KEY_UIApplicationSupportsIndirectInputEvents = YES;
				INFOPLIST_KEY_UILaunchScreen_Generation = YES;
				INFOPLIST_KEY_UISupportedInterfaceOrientations_iPad = "UIInterfaceOrientationPortrait UIInterfaceOrientationPortraitUpsideDown UIInterfaceOrientationLandscapeLeft UIInterfaceOrientationLandscapeRight";
				INFOPLIST_KEY_UISupportedInterfaceOrientations_iPhone = "UIInterfaceOrientationPortrait UIInterfaceOrientationLandscapeLeft UIInterfaceOrientationLandscapeRight";
				LD_RUNPATH_SEARCH_PATHS = (
					"$(inherited)",
					"@executable_path/Frameworks",
				);
				MARKETING_VERSION = 1.0;
				PRODUCT_BUNDLE_IDENTIFIER = com.xdnghana.betgod;
				PRODUCT_NAME = "$(TARGET_NAME)";
				SWIFT_EMIT_LOC_STRINGS = YES;
				SWIFT_VERSION = 5.0;
				TARGETED_DEVICE_FAMILY = "1,2";
			};
			name = Debug;
		};
		73FF0CCB2A8AA6B6008130BB /* Release */ = {
			isa = XCBuildConfiguration;
			buildSettings = {
				ASSETCATALOG_COMPILER_APPICON_NAME = AppIcon;
				ASSETCATALOG_COMPILER_GLOBAL_ACCENT_COLOR_NAME = AccentColor;
				CODE_SIGN_STYLE = Automatic;
				CURRENT_PROJECT_VERSION = 1;
				DEVELOPMENT_ASSET_PATHS = "\"betgod/Preview Content\"";
				DEVELOPMENT_TEAM = FF3P39SC4U;
				ENABLE_PREVIEWS = YES;
				GENERATE_INFOPLIST_FILE = YES;
				INFOPLIST_KEY_UIApplicationSceneManifest_Generation = YES;
				INFOPLIST_KEY_UIApplicationSupportsIndirectInputEvents = YES;
				INFOPLIST_KEY_UILaunchScreen_Generation = YES;
				INFOPLIST_KEY_UISupportedInterfaceOrientations_iPad = "UIInterfaceOrientationPortrait UIInterfaceOrientationPortraitUpsideDown UIInterfaceOrientationLandscapeLeft UIInterfaceOrientationLandscapeRight";
				INFOPLIST_KEY_UISupportedInterfaceOrientations_iPhone = "UIInterfaceOrientationPortrait UIInterfaceOrientationLandscapeLeft UIInterfaceOrientationLandscapeRight";
				LD_RUNPATH_SEARCH_PATHS = (
					"$(inherited)",
					"@executable_path/Frameworks",
				);
				MARKETING_VERSION = 1.0;
				PRODUCT_BUNDLE_IDENTIFIER = com.xdnghana.betgod;
				PRODUCT_NAME = "$(TARGET_NAME)";
				SWIFT_EMIT_LOC_STRINGS = YES;
				SWIFT_VERSION = 5.0;
				TARGETED_DEVICE_FAMILY = "1,2";
			};
			name = Release;
		};
		73FF0CCD2A8AA6B6008130BB /* Debug */ = {
			isa = XCBuildConfiguration;
			buildSettings = {
				ALWAYS_EMBED_SWIFT_STANDARD_LIBRARIES = YES;
				BUNDLE_LOADER = "$(TEST_HOST)";
				CODE_SIGN_STYLE = Automatic;
				CURRENT_PROJECT_VERSION = 1;
				DEVELOPMENT_TEAM = YCWT5VS7M8;
				GENERATE_INFOPLIST_FILE = YES;
				IPHONEOS_DEPLOYMENT_TARGET = 16.4;
				MARKETING_VERSION = 1.0;
				PRODUCT_BUNDLE_IDENTIFIER = com.xdnghana.betgodTests;
				PRODUCT_NAME = "$(TARGET_NAME)";
				SWIFT_EMIT_LOC_STRINGS = NO;
				SWIFT_VERSION = 5.0;
				TARGETED_DEVICE_FAMILY = "1,2";
				TEST_HOST = "$(BUILT_PRODUCTS_DIR)/betgod.app/$(BUNDLE_EXECUTABLE_FOLDER_PATH)/betgod";
			};
			name = Debug;
		};
		73FF0CCE2A8AA6B6008130BB /* Release */ = {
			isa = XCBuildConfiguration;
			buildSettings = {
				ALWAYS_EMBED_SWIFT_STANDARD_LIBRARIES = YES;
				BUNDLE_LOADER = "$(TEST_HOST)";
				CODE_SIGN_STYLE = Automatic;
				CURRENT_PROJECT_VERSION = 1;
				DEVELOPMENT_TEAM = YCWT5VS7M8;
				GENERATE_INFOPLIST_FILE = YES;
				IPHONEOS_DEPLOYMENT_TARGET = 16.4;
				MARKETING_VERSION = 1.0;
				PRODUCT_BUNDLE_IDENTIFIER = com.xdnghana.betgodTests;
				PRODUCT_NAME = "$(TARGET_NAME)";
				SWIFT_EMIT_LOC_STRINGS = NO;
				SWIFT_VERSION = 5.0;
				TARGETED_DEVICE_FAMILY = "1,2";
				TEST_HOST = "$(BUILT_PRODUCTS_DIR)/betgod.app/$(BUNDLE_EXECUTABLE_FOLDER_PATH)/betgod";
			};
			name = Release;
		};
		73FF0CD02A8AA6B6008130BB /* Debug */ = {
			isa = XCBuildConfiguration;
			buildSettings = {
				ALWAYS_EMBED_SWIFT_STANDARD_LIBRARIES = YES;
				CODE_SIGN_STYLE = Automatic;
				CURRENT_PROJECT_VERSION = 1;
				DEVELOPMENT_TEAM = YCWT5VS7M8;
				GENERATE_INFOPLIST_FILE = YES;
				MARKETING_VERSION = 1.0;
				PRODUCT_BUNDLE_IDENTIFIER = com.xdnghana.betgodUITests;
				PRODUCT_NAME = "$(TARGET_NAME)";
				SWIFT_EMIT_LOC_STRINGS = NO;
				SWIFT_VERSION = 5.0;
				TARGETED_DEVICE_FAMILY = "1,2";
				TEST_TARGET_NAME = betgod;
			};
			name = Debug;
		};
		73FF0CD12A8AA6B6008130BB /* Release */ = {
			isa = XCBuildConfiguration;
			buildSettings = {
				ALWAYS_EMBED_SWIFT_STANDARD_LIBRARIES = YES;
				CODE_SIGN_STYLE = Automatic;
				CURRENT_PROJECT_VERSION = 1;
				DEVELOPMENT_TEAM = YCWT5VS7M8;
				GENERATE_INFOPLIST_FILE = YES;
				MARKETING_VERSION = 1.0;
				PRODUCT_BUNDLE_IDENTIFIER = com.xdnghana.betgodUITests;
				PRODUCT_NAME = "$(TARGET_NAME)";
				SWIFT_EMIT_LOC_STRINGS = NO;
				SWIFT_VERSION = 5.0;
				TARGETED_DEVICE_FAMILY = "1,2";
				TEST_TARGET_NAME = betgod;
			};
			name = Release;
		};
/* End XCBuildConfiguration section */

/* Begin XCConfigurationList section */
		73FF0CA02A8AA6B4008130BB /* Build configuration list for PBXProject "betgod" */ = {
			isa = XCConfigurationList;
			buildConfigurations = (
				73FF0CC72A8AA6B6008130BB /* Debug */,
				73FF0CC82A8AA6B6008130BB /* Release */,
			);
			defaultConfigurationIsVisible = 0;
			defaultConfigurationName = Release;
		};
		73FF0CC92A8AA6B6008130BB /* Build configuration list for PBXNativeTarget "betgod" */ = {
			isa = XCConfigurationList;
			buildConfigurations = (
				73FF0CCA2A8AA6B6008130BB /* Debug */,
				73FF0CCB2A8AA6B6008130BB /* Release */,
			);
			defaultConfigurationIsVisible = 0;
			defaultConfigurationName = Release;
		};
		73FF0CCC2A8AA6B6008130BB /* Build configuration list for PBXNativeTarget "betgodTests" */ = {
			isa = XCConfigurationList;
			buildConfigurations = (
				73FF0CCD2A8AA6B6008130BB /* Debug */,
				73FF0CCE2A8AA6B6008130BB /* Release */,
			);
			defaultConfigurationIsVisible = 0;
			defaultConfigurationName = Release;
		};
		73FF0CCF2A8AA6B6008130BB /* Build configuration list for PBXNativeTarget "betgodUITests" */ = {
			isa = XCConfigurationList;
			buildConfigurations = (
				73FF0CD02A8AA6B6008130BB /* Debug */,
				73FF0CD12A8AA6B6008130BB /* Release */,
			);
			defaultConfigurationIsVisible = 0;
			defaultConfigurationName = Release;
		};
/* End XCConfigurationList section */
	};
	rootObject = 73FF0C9D2A8AA6B4008130BB /* Project object */;
}
